
Microsoft Visual Studio Solution File, Format Version 12.00
# Visual Studio Version 17
VisualStudioVersion = 17.7.34221.43
MinimumVisualStudioVersion = 10.0.40219.1
Project("{FAE04EC0-301F-11D3-BF4B-00C04F79EFBC}") = "Knight&Bishop", "Knight&Bishop.csproj", "{0ACE926A-4833-4CBF-9A52-FC7861FFC754}"
EndProject
Global
	GlobalSection(SolutionConfigurationPlatforms) = preSolution
		Debug|Any CPU = Debug|Any CPU
		Release|Any CPU = Release|Any CPU
	EndGlobalSection
	GlobalSection(ProjectConfigurationPlatforms) = postSolution
		{0ACE926A-4833-4CBF-9A52-FC7861FFC754}.Debug|Any CPU.ActiveCfg = Debug|Any CPU
		{0ACE926A-4833-4CBF-9A52-FC7861FFC754}.Debug|Any CPU.Build.0 = Debug|Any CPU
		{0ACE926A-4833-4CBF-9A52-FC7861FFC754}.Release|Any CPU.ActiveCfg = Release|Any CPU
		{0ACE926A-4833-4CBF-9A52-FC7861FFC754}.Release|Any CPU.Build.0 = Release|Any CPU
	EndGlobalSection
	GlobalSection(SolutionProperties) = preSolution
		HideSolutionNode = FALSE
	EndGlobalSection
	GlobalSection(ExtensibilityGlobals) = postSolution
		SolutionGuid = {6E0C05DC-5723-4F3B-AFD2-3508815CBDFC}
	EndGlobalSection
EndGlobal
